// !$*UTF8*$!
{
	archiveVersion = 1;
	classes = {
	};
	objectVersion = 56;
	objects = {

/* Begin PBXBuildFile section */
		C404A0E929EBFDE400C03C44 /* AdvancedTextfieldUIView.swift in Sources */ = {isa = PBXBuildFile; fileRef = C404A0E829EBFDE400C03C44 /* AdvancedTextfieldUIView.swift */; };
		C404A0EC29EC379A00C03C44 /* AdvancedTextfieldUIView+Extension.swift in Sources */ = {isa = PBXBuildFile; fileRef = C404A0EB29EC379A00C03C44 /* AdvancedTextfieldUIView+Extension.swift */; };
		C4254F3A29667B4A0058D542 /* SkeletonTitleTableViewCell.swift in Sources */ = {isa = PBXBuildFile; fileRef = C4254F3929667B4A0058D542 /* SkeletonTitleTableViewCell.swift */; };
		C427E52F29C6500900C1A002 /* PasswordStatusUIView.swift in Sources */ = {isa = PBXBuildFile; fileRef = C427E52E29C6500900C1A002 /* PasswordStatusUIView.swift */; };
		C427E53129C650C700C1A002 /* PasswordStatusUIView+Extension.swift in Sources */ = {isa = PBXBuildFile; fileRef = C427E53029C650C700C1A002 /* PasswordStatusUIView+Extension.swift */; };
		C427E53329C652A400C1A002 /* PasswordCriteriaUIView.swift in Sources */ = {isa = PBXBuildFile; fileRef = C427E53229C652A400C1A002 /* PasswordCriteriaUIView.swift */; };
		C427E53529C6533400C1A002 /* imageViewFactory.swift in Sources */ = {isa = PBXBuildFile; fileRef = C427E53429C6533400C1A002 /* imageViewFactory.swift */; };
		C427E53729C6574700C1A002 /* PasswordCriteriaUIView+Extension.swift in Sources */ = {isa = PBXBuildFile; fileRef = C427E53629C6574700C1A002 /* PasswordCriteriaUIView+Extension.swift */; };
		C42FCFB12973D714001FC55C /* ViewFactory.swift in Sources */ = {isa = PBXBuildFile; fileRef = C42FCFB02973D714001FC55C /* ViewFactory.swift */; };
		C42FCFB52973FFF3001FC55C /* SkeletonLoadable.swift in Sources */ = {isa = PBXBuildFile; fileRef = C42FCFB42973FFF3001FC55C /* SkeletonLoadable.swift */; };
		C42FCFB72974665D001FC55C /* AuthManager.swift in Sources */ = {isa = PBXBuildFile; fileRef = C42FCFB62974665D001FC55C /* AuthManager.swift */; };
		C42FCFBA29747027001FC55C /* KeychainHelper.swift in Sources */ = {isa = PBXBuildFile; fileRef = C42FCFB929747027001FC55C /* KeychainHelper.swift */; };
		C437D9CD29B3B398008C2380 /* ForgotPasswordViewController+Extension.swift in Sources */ = {isa = PBXBuildFile; fileRef = C437D9CC29B3B398008C2380 /* ForgotPasswordViewController+Extension.swift */; };
		C441780C2986B318006F3CB4 /* ProfileSettingsViewController.swift in Sources */ = {isa = PBXBuildFile; fileRef = C441780B2986B318006F3CB4 /* ProfileSettingsViewController.swift */; };
		C4795F38292B5D0A003D8E64 /* APICaller.swift in Sources */ = {isa = PBXBuildFile; fileRef = C4795F37292B5D0A003D8E64 /* APICaller.swift */; };
		C4795F3A292B6641003D8E64 /* Video.swift in Sources */ = {isa = PBXBuildFile; fileRef = C4795F39292B6641003D8E64 /* Video.swift */; };
		C4795F3D292B69F3003D8E64 /* Network+Enum.swift in Sources */ = {isa = PBXBuildFile; fileRef = C4795F3C292B69F3003D8E64 /* Network+Enum.swift */; };
		C4795F3F292B6C81003D8E64 /* String+Extension.swift in Sources */ = {isa = PBXBuildFile; fileRef = C4795F3E292B6C81003D8E64 /* String+Extension.swift */; };
		C4795F41292B7492003D8E64 /* TitleCollectionViewCell.swift in Sources */ = {isa = PBXBuildFile; fileRef = C4795F40292B7492003D8E64 /* TitleCollectionViewCell.swift */; };
		C4795F44292B7638003D8E64 /* SDWebImage in Frameworks */ = {isa = PBXBuildFile; productRef = C4795F43292B7638003D8E64 /* SDWebImage */; };
		C4795F46292B7638003D8E64 /* SDWebImageMapKit in Frameworks */ = {isa = PBXBuildFile; productRef = C4795F45292B7638003D8E64 /* SDWebImageMapKit */; };
		C4795F48292B8AD3003D8E64 /* TitleTableViewCell.swift in Sources */ = {isa = PBXBuildFile; fileRef = C4795F47292B8AD3003D8E64 /* TitleTableViewCell.swift */; };
		C4795F4A292B8EC6003D8E64 /* TitleViewModel.swift in Sources */ = {isa = PBXBuildFile; fileRef = C4795F49292B8EC6003D8E64 /* TitleViewModel.swift */; };
		C4795F4C292BA0B1003D8E64 /* SearchResultsViewController.swift in Sources */ = {isa = PBXBuildFile; fileRef = C4795F4B292BA0B1003D8E64 /* SearchResultsViewController.swift */; };
		C4795F4E292D262E003D8E64 /* YoutubeSearchResponse.swift in Sources */ = {isa = PBXBuildFile; fileRef = C4795F4D292D262E003D8E64 /* YoutubeSearchResponse.swift */; };
		C4795F50292D2CD1003D8E64 /* TitlePreviewViewController.swift in Sources */ = {isa = PBXBuildFile; fileRef = C4795F4F292D2CD0003D8E64 /* TitlePreviewViewController.swift */; };
		C4795F52292D2FF7003D8E64 /* TitlePreviewViewModel.swift in Sources */ = {isa = PBXBuildFile; fileRef = C4795F51292D2FF7003D8E64 /* TitlePreviewViewModel.swift */; };
		C4795F55292E7073003D8E64 /* CinemaPlannerModel.xcdatamodeld in Sources */ = {isa = PBXBuildFile; fileRef = C4795F53292E7073003D8E64 /* CinemaPlannerModel.xcdatamodeld */; };
		C4795F57292E75A3003D8E64 /* DataPersistenceManager.swift in Sources */ = {isa = PBXBuildFile; fileRef = C4795F56292E75A3003D8E64 /* DataPersistenceManager.swift */; };
		C493667329307B9C003C6C3D /* OnboardingContainerViewController.swift in Sources */ = {isa = PBXBuildFile; fileRef = C493667229307B9C003C6C3D /* OnboardingContainerViewController.swift */; };
		C493667529307DC2003C6C3D /* OnboardingViewController.swift in Sources */ = {isa = PBXBuildFile; fileRef = C493667429307DC2003C6C3D /* OnboardingViewController.swift */; };
		C493667729307F3F003C6C3D /* OnboardingViewController+Extension.swift in Sources */ = {isa = PBXBuildFile; fileRef = C493667629307F3F003C6C3D /* OnboardingViewController+Extension.swift */; };
		C493667929308002003C6C3D /* LabelFactory.swift in Sources */ = {isa = PBXBuildFile; fileRef = C493667829308002003C6C3D /* LabelFactory.swift */; };
		C493667B29314FF9003C6C3D /* OnboardingContainerViewController+Extension.swift in Sources */ = {isa = PBXBuildFile; fileRef = C493667A29314FF9003C6C3D /* OnboardingContainerViewController+Extension.swift */; };
		C493667F2931EBAC003C6C3D /* LoginViewController.swift in Sources */ = {isa = PBXBuildFile; fileRef = C493667E2931EBAC003C6C3D /* LoginViewController.swift */; };
		C49366822931EE2F003C6C3D /* LoginViewController+Extension.swift in Sources */ = {isa = PBXBuildFile; fileRef = C49366812931EE2F003C6C3D /* LoginViewController+Extension.swift */; };
		C49366842931FB86003C6C3D /* LoginView.swift in Sources */ = {isa = PBXBuildFile; fileRef = C49366832931FB86003C6C3D /* LoginView.swift */; };
		C49366862931FBB8003C6C3D /* TextFieldFactory.swift in Sources */ = {isa = PBXBuildFile; fileRef = C49366852931FBB8003C6C3D /* TextFieldFactory.swift */; };
		C49366882931FEE5003C6C3D /* StackViewFactory.swift in Sources */ = {isa = PBXBuildFile; fileRef = C49366872931FEE5003C6C3D /* StackViewFactory.swift */; };
		C493668A2932A3DB003C6C3D /* LoginView+Extension.swift in Sources */ = {isa = PBXBuildFile; fileRef = C49366892932A3DB003C6C3D /* LoginView+Extension.swift */; };
		C493668C293A8A19003C6C3D /* UITextFieldSecureToggle+Utils.swift in Sources */ = {isa = PBXBuildFile; fileRef = C493668B293A8A19003C6C3D /* UITextFieldSecureToggle+Utils.swift */; };
		C493668F293A926C003C6C3D /* UserManager.swift in Sources */ = {isa = PBXBuildFile; fileRef = C493668E293A926C003C6C3D /* UserManager.swift */; };
		C4A3C2C429B39B4A0028A46C /* ForgotPasswordViewController.swift in Sources */ = {isa = PBXBuildFile; fileRef = C4A3C2C329B39B4A0028A46C /* ForgotPasswordViewController.swift */; };
		C4A3C2C729B3AAA10028A46C /* ProfileViewController+Extension.swift in Sources */ = {isa = PBXBuildFile; fileRef = C4A3C2C629B3AAA10028A46C /* ProfileViewController+Extension.swift */; };
		C4D74303292A327700F71032 /* AppDelegate.swift in Sources */ = {isa = PBXBuildFile; fileRef = C4D74302292A327700F71032 /* AppDelegate.swift */; };
		C4D74305292A327700F71032 /* SceneDelegate.swift in Sources */ = {isa = PBXBuildFile; fileRef = C4D74304292A327700F71032 /* SceneDelegate.swift */; };
		C4D74307292A327700F71032 /* MainTabBarViewController.swift in Sources */ = {isa = PBXBuildFile; fileRef = C4D74306292A327700F71032 /* MainTabBarViewController.swift */; };
		C4D7430C292A327700F71032 /* Assets.xcassets in Resources */ = {isa = PBXBuildFile; fileRef = C4D7430B292A327700F71032 /* Assets.xcassets */; };
		C4D7430F292A327700F71032 /* LaunchScreen.storyboard in Resources */ = {isa = PBXBuildFile; fileRef = C4D7430D292A327700F71032 /* LaunchScreen.storyboard */; };
		C4D74318292A35FA00F71032 /* HomeViewController.swift in Sources */ = {isa = PBXBuildFile; fileRef = C4D74317292A35FA00F71032 /* HomeViewController.swift */; };
		C4D7431A292A363700F71032 /* UpcomingViewController.swift in Sources */ = {isa = PBXBuildFile; fileRef = C4D74319292A363700F71032 /* UpcomingViewController.swift */; };
		C4D7431D292A366F00F71032 /* SearchViewController.swift in Sources */ = {isa = PBXBuildFile; fileRef = C4D7431C292A366F00F71032 /* SearchViewController.swift */; };
		C4D7431F292A36A200F71032 /* ToWatchListViewController.swift in Sources */ = {isa = PBXBuildFile; fileRef = C4D7431E292A36A200F71032 /* ToWatchListViewController.swift */; };
		C4D74324292A463900F71032 /* CollectionViewTableViewCell.swift in Sources */ = {isa = PBXBuildFile; fileRef = C4D74323292A463900F71032 /* CollectionViewTableViewCell.swift */; };
		C4D74327292A4E2300F71032 /* HomeViewController+Extension.swift in Sources */ = {isa = PBXBuildFile; fileRef = C4D74326292A4E2300F71032 /* HomeViewController+Extension.swift */; };
		C4D7432B292A4F5500F71032 /* HeroHeaderUIView.swift in Sources */ = {isa = PBXBuildFile; fileRef = C4D7432A292A4F5500F71032 /* HeroHeaderUIView.swift */; };
		C4D7432E292A5A7700F71032 /* ButtonFactory.swift in Sources */ = {isa = PBXBuildFile; fileRef = C4D7432D292A5A7700F71032 /* ButtonFactory.swift */; };
		C4D74331292A659B00F71032 /* LocalState+Utils.swift in Sources */ = {isa = PBXBuildFile; fileRef = C4D74330292A659B00F71032 /* LocalState+Utils.swift */; };
		C4EC1E862947D0D800DFD8B5 /* String+ExtensionTests.swift in Sources */ = {isa = PBXBuildFile; fileRef = C4EC1E822947CD0800DFD8B5 /* String+ExtensionTests.swift */; };
/* End PBXBuildFile section */

/* Begin PBXContainerItemProxy section */
		C4EC1E792947CC5E00DFD8B5 /* PBXContainerItemProxy */ = {
			isa = PBXContainerItemProxy;
			containerPortal = C4D742F7292A327700F71032 /* Project object */;
			proxyType = 1;
			remoteGlobalIDString = C4D742FE292A327700F71032;
			remoteInfo = "cinema-planner";
		};
/* End PBXContainerItemProxy section */

/* Begin PBXFileReference section */
		C404A0E829EBFDE400C03C44 /* AdvancedTextfieldUIView.swift */ = {isa = PBXFileReference; lastKnownFileType = sourcecode.swift; path = AdvancedTextfieldUIView.swift; sourceTree = "<group>"; };
		C404A0EB29EC379A00C03C44 /* AdvancedTextfieldUIView+Extension.swift */ = {isa = PBXFileReference; lastKnownFileType = sourcecode.swift; path = "AdvancedTextfieldUIView+Extension.swift"; sourceTree = "<group>"; };
		C4254F3929667B4A0058D542 /* SkeletonTitleTableViewCell.swift */ = {isa = PBXFileReference; lastKnownFileType = sourcecode.swift; path = SkeletonTitleTableViewCell.swift; sourceTree = "<group>"; };
		C427E52E29C6500900C1A002 /* PasswordStatusUIView.swift */ = {isa = PBXFileReference; lastKnownFileType = sourcecode.swift; path = PasswordStatusUIView.swift; sourceTree = "<group>"; };
		C427E53029C650C700C1A002 /* PasswordStatusUIView+Extension.swift */ = {isa = PBXFileReference; lastKnownFileType = sourcecode.swift; path = "PasswordStatusUIView+Extension.swift"; sourceTree = "<group>"; };
		C427E53229C652A400C1A002 /* PasswordCriteriaUIView.swift */ = {isa = PBXFileReference; lastKnownFileType = sourcecode.swift; path = PasswordCriteriaUIView.swift; sourceTree = "<group>"; };
		C427E53429C6533400C1A002 /* imageViewFactory.swift */ = {isa = PBXFileReference; lastKnownFileType = sourcecode.swift; path = imageViewFactory.swift; sourceTree = "<group>"; };
		C427E53629C6574700C1A002 /* PasswordCriteriaUIView+Extension.swift */ = {isa = PBXFileReference; lastKnownFileType = sourcecode.swift; path = "PasswordCriteriaUIView+Extension.swift"; sourceTree = "<group>"; };
		C42FCFB02973D714001FC55C /* ViewFactory.swift */ = {isa = PBXFileReference; lastKnownFileType = sourcecode.swift; path = ViewFactory.swift; sourceTree = "<group>"; };
		C42FCFB42973FFF3001FC55C /* SkeletonLoadable.swift */ = {isa = PBXFileReference; lastKnownFileType = sourcecode.swift; path = SkeletonLoadable.swift; sourceTree = "<group>"; };
		C42FCFB62974665D001FC55C /* AuthManager.swift */ = {isa = PBXFileReference; lastKnownFileType = sourcecode.swift; path = AuthManager.swift; sourceTree = "<group>"; };
		C42FCFB929747027001FC55C /* KeychainHelper.swift */ = {isa = PBXFileReference; lastKnownFileType = sourcecode.swift; path = KeychainHelper.swift; sourceTree = "<group>"; };
		C437D9CC29B3B398008C2380 /* ForgotPasswordViewController+Extension.swift */ = {isa = PBXFileReference; lastKnownFileType = sourcecode.swift; path = "ForgotPasswordViewController+Extension.swift"; sourceTree = "<group>"; };
		C441780B2986B318006F3CB4 /* ProfileSettingsViewController.swift */ = {isa = PBXFileReference; lastKnownFileType = sourcecode.swift; path = ProfileSettingsViewController.swift; sourceTree = "<group>"; };
		C4795F37292B5D0A003D8E64 /* APICaller.swift */ = {isa = PBXFileReference; lastKnownFileType = sourcecode.swift; path = APICaller.swift; sourceTree = "<group>"; };
		C4795F39292B6641003D8E64 /* Video.swift */ = {isa = PBXFileReference; lastKnownFileType = sourcecode.swift; name = Video.swift; path = "cinema-planner/Managers/Video.swift"; sourceTree = SOURCE_ROOT; };
		C4795F3C292B69F3003D8E64 /* Network+Enum.swift */ = {isa = PBXFileReference; lastKnownFileType = sourcecode.swift; path = "Network+Enum.swift"; sourceTree = "<group>"; };
		C4795F3E292B6C81003D8E64 /* String+Extension.swift */ = {isa = PBXFileReference; lastKnownFileType = sourcecode.swift; path = "String+Extension.swift"; sourceTree = "<group>"; };
		C4795F40292B7492003D8E64 /* TitleCollectionViewCell.swift */ = {isa = PBXFileReference; lastKnownFileType = sourcecode.swift; path = TitleCollectionViewCell.swift; sourceTree = "<group>"; };
		C4795F47292B8AD3003D8E64 /* TitleTableViewCell.swift */ = {isa = PBXFileReference; lastKnownFileType = sourcecode.swift; path = TitleTableViewCell.swift; sourceTree = "<group>"; };
		C4795F49292B8EC6003D8E64 /* TitleViewModel.swift */ = {isa = PBXFileReference; lastKnownFileType = sourcecode.swift; name = TitleViewModel.swift; path = "cinema-planner/Views/TitleViewModel.swift"; sourceTree = SOURCE_ROOT; };
		C4795F4B292BA0B1003D8E64 /* SearchResultsViewController.swift */ = {isa = PBXFileReference; lastKnownFileType = sourcecode.swift; path = SearchResultsViewController.swift; sourceTree = "<group>"; };
		C4795F4D292D262E003D8E64 /* YoutubeSearchResponse.swift */ = {isa = PBXFileReference; lastKnownFileType = sourcecode.swift; lineEnding = 0; name = YoutubeSearchResponse.swift; path = "cinema-planner/Controllers/YoutubeSearchResponse.swift"; sourceTree = SOURCE_ROOT; };
		C4795F4F292D2CD0003D8E64 /* TitlePreviewViewController.swift */ = {isa = PBXFileReference; lastKnownFileType = sourcecode.swift; path = TitlePreviewViewController.swift; sourceTree = "<group>"; };
		C4795F51292D2FF7003D8E64 /* TitlePreviewViewModel.swift */ = {isa = PBXFileReference; lastKnownFileType = sourcecode.swift; name = TitlePreviewViewModel.swift; path = "cinema-planner/Controllers/TitlePreviewViewModel.swift"; sourceTree = SOURCE_ROOT; };
		C4795F54292E7073003D8E64 /* CinemaPlannerModel.xcdatamodel */ = {isa = PBXFileReference; lastKnownFileType = wrapper.xcdatamodel; path = CinemaPlannerModel.xcdatamodel; sourceTree = "<group>"; };
		C4795F56292E75A3003D8E64 /* DataPersistenceManager.swift */ = {isa = PBXFileReference; lastKnownFileType = sourcecode.swift; path = DataPersistenceManager.swift; sourceTree = "<group>"; };
		C493667229307B9C003C6C3D /* OnboardingContainerViewController.swift */ = {isa = PBXFileReference; lastKnownFileType = sourcecode.swift; path = OnboardingContainerViewController.swift; sourceTree = "<group>"; };
		C493667429307DC2003C6C3D /* OnboardingViewController.swift */ = {isa = PBXFileReference; lastKnownFileType = sourcecode.swift; path = OnboardingViewController.swift; sourceTree = "<group>"; };
		C493667629307F3F003C6C3D /* OnboardingViewController+Extension.swift */ = {isa = PBXFileReference; lastKnownFileType = sourcecode.swift; path = "OnboardingViewController+Extension.swift"; sourceTree = "<group>"; };
		C493667829308002003C6C3D /* LabelFactory.swift */ = {isa = PBXFileReference; lastKnownFileType = sourcecode.swift; path = LabelFactory.swift; sourceTree = "<group>"; };
		C493667A29314FF9003C6C3D /* OnboardingContainerViewController+Extension.swift */ = {isa = PBXFileReference; lastKnownFileType = sourcecode.swift; path = "OnboardingContainerViewController+Extension.swift"; sourceTree = "<group>"; };
		C493667E2931EBAC003C6C3D /* LoginViewController.swift */ = {isa = PBXFileReference; lastKnownFileType = sourcecode.swift; path = LoginViewController.swift; sourceTree = "<group>"; };
		C49366812931EE2F003C6C3D /* LoginViewController+Extension.swift */ = {isa = PBXFileReference; lastKnownFileType = sourcecode.swift; path = "LoginViewController+Extension.swift"; sourceTree = "<group>"; };
		C49366832931FB86003C6C3D /* LoginView.swift */ = {isa = PBXFileReference; lastKnownFileType = sourcecode.swift; path = LoginView.swift; sourceTree = "<group>"; };
		C49366852931FBB8003C6C3D /* TextFieldFactory.swift */ = {isa = PBXFileReference; lastKnownFileType = sourcecode.swift; path = TextFieldFactory.swift; sourceTree = "<group>"; };
		C49366872931FEE5003C6C3D /* StackViewFactory.swift */ = {isa = PBXFileReference; lastKnownFileType = sourcecode.swift; path = StackViewFactory.swift; sourceTree = "<group>"; };
		C49366892932A3DB003C6C3D /* LoginView+Extension.swift */ = {isa = PBXFileReference; lastKnownFileType = sourcecode.swift; path = "LoginView+Extension.swift"; sourceTree = "<group>"; };
		C493668B293A8A19003C6C3D /* UITextFieldSecureToggle+Utils.swift */ = {isa = PBXFileReference; lastKnownFileType = sourcecode.swift; path = "UITextFieldSecureToggle+Utils.swift"; sourceTree = "<group>"; };
		C493668E293A926C003C6C3D /* UserManager.swift */ = {isa = PBXFileReference; lastKnownFileType = sourcecode.swift; path = UserManager.swift; sourceTree = "<group>"; };
		C4A3C2C329B39B4A0028A46C /* ForgotPasswordViewController.swift */ = {isa = PBXFileReference; lastKnownFileType = sourcecode.swift; path = ForgotPasswordViewController.swift; sourceTree = "<group>"; };
		C4A3C2C629B3AAA10028A46C /* ProfileViewController+Extension.swift */ = {isa = PBXFileReference; lastKnownFileType = sourcecode.swift; path = "ProfileViewController+Extension.swift"; sourceTree = "<group>"; };
		C4D742FF292A327700F71032 /* cinema-planner.app */ = {isa = PBXFileReference; explicitFileType = wrapper.application; includeInIndex = 0; path = "cinema-planner.app"; sourceTree = BUILT_PRODUCTS_DIR; };
		C4D74302292A327700F71032 /* AppDelegate.swift */ = {isa = PBXFileReference; lastKnownFileType = sourcecode.swift; path = AppDelegate.swift; sourceTree = "<group>"; };
		C4D74304292A327700F71032 /* SceneDelegate.swift */ = {isa = PBXFileReference; lastKnownFileType = sourcecode.swift; path = SceneDelegate.swift; sourceTree = "<group>"; };
		C4D74306292A327700F71032 /* MainTabBarViewController.swift */ = {isa = PBXFileReference; lastKnownFileType = sourcecode.swift; path = MainTabBarViewController.swift; sourceTree = "<group>"; };
		C4D7430B292A327700F71032 /* Assets.xcassets */ = {isa = PBXFileReference; lastKnownFileType = folder.assetcatalog; path = Assets.xcassets; sourceTree = "<group>"; };
		C4D7430E292A327700F71032 /* Base */ = {isa = PBXFileReference; lastKnownFileType = file.storyboard; name = Base; path = Base.lproj/LaunchScreen.storyboard; sourceTree = "<group>"; };
		C4D74310292A327700F71032 /* Info.plist */ = {isa = PBXFileReference; lastKnownFileType = text.plist.xml; path = Info.plist; sourceTree = "<group>"; };
		C4D74317292A35FA00F71032 /* HomeViewController.swift */ = {isa = PBXFileReference; lastKnownFileType = sourcecode.swift; path = HomeViewController.swift; sourceTree = "<group>"; };
		C4D74319292A363700F71032 /* UpcomingViewController.swift */ = {isa = PBXFileReference; lastKnownFileType = sourcecode.swift; path = UpcomingViewController.swift; sourceTree = "<group>"; };
		C4D7431C292A366F00F71032 /* SearchViewController.swift */ = {isa = PBXFileReference; lastKnownFileType = sourcecode.swift; path = SearchViewController.swift; sourceTree = "<group>"; };
		C4D7431E292A36A200F71032 /* ToWatchListViewController.swift */ = {isa = PBXFileReference; lastKnownFileType = sourcecode.swift; path = ToWatchListViewController.swift; sourceTree = "<group>"; };
		C4D74323292A463900F71032 /* CollectionViewTableViewCell.swift */ = {isa = PBXFileReference; lastKnownFileType = sourcecode.swift; path = CollectionViewTableViewCell.swift; sourceTree = "<group>"; };
		C4D74326292A4E2300F71032 /* HomeViewController+Extension.swift */ = {isa = PBXFileReference; lastKnownFileType = sourcecode.swift; path = "HomeViewController+Extension.swift"; sourceTree = "<group>"; };
		C4D7432A292A4F5500F71032 /* HeroHeaderUIView.swift */ = {isa = PBXFileReference; lastKnownFileType = sourcecode.swift; path = HeroHeaderUIView.swift; sourceTree = "<group>"; };
		C4D7432D292A5A7700F71032 /* ButtonFactory.swift */ = {isa = PBXFileReference; lastKnownFileType = sourcecode.swift; path = ButtonFactory.swift; sourceTree = "<group>"; };
		C4D74330292A659B00F71032 /* LocalState+Utils.swift */ = {isa = PBXFileReference; lastKnownFileType = sourcecode.swift; path = "LocalState+Utils.swift"; sourceTree = "<group>"; };
		C4EC1E752947CC5E00DFD8B5 /* cinema-plannerUnitTests.xctest */ = {isa = PBXFileReference; explicitFileType = wrapper.cfbundle; includeInIndex = 0; path = "cinema-plannerUnitTests.xctest"; sourceTree = BUILT_PRODUCTS_DIR; };
		C4EC1E822947CD0800DFD8B5 /* String+ExtensionTests.swift */ = {isa = PBXFileReference; lastKnownFileType = sourcecode.swift; path = "String+ExtensionTests.swift"; sourceTree = "<group>"; };
/* End PBXFileReference section */

/* Begin PBXFrameworksBuildPhase section */
		C4D742FC292A327700F71032 /* Frameworks */ = {
			isa = PBXFrameworksBuildPhase;
			buildActionMask = 2147483647;
			files = (
				C4795F46292B7638003D8E64 /* SDWebImageMapKit in Frameworks */,
				C4795F44292B7638003D8E64 /* SDWebImage in Frameworks */,
			);
			runOnlyForDeploymentPostprocessing = 0;
		};
		C4EC1E722947CC5E00DFD8B5 /* Frameworks */ = {
			isa = PBXFrameworksBuildPhase;
			buildActionMask = 2147483647;
			files = (
			);
			runOnlyForDeploymentPostprocessing = 0;
		};
/* End PBXFrameworksBuildPhase section */

/* Begin PBXGroup section */
		C404A0E729EBFDB600C03C44 /* AdvancedComponents */ = {
			isa = PBXGroup;
			children = (
				C404A0E829EBFDE400C03C44 /* AdvancedTextfieldUIView.swift */,
			);
			path = AdvancedComponents;
			sourceTree = "<group>";
		};
		C404A0EA29EC377800C03C44 /* AdvancedComponents */ = {
			isa = PBXGroup;
			children = (
				C404A0EB29EC379A00C03C44 /* AdvancedTextfieldUIView+Extension.swift */,
			);
			path = AdvancedComponents;
			sourceTree = "<group>";
		};
		C427E52D29C64FC300C1A002 /* Auth */ = {
			isa = PBXGroup;
			children = (
				C427E52E29C6500900C1A002 /* PasswordStatusUIView.swift */,
				C427E53229C652A400C1A002 /* PasswordCriteriaUIView.swift */,
			);
			path = Auth;
			sourceTree = "<group>";
		};
		C42FCFB829747008001FC55C /* Helpers */ = {
			isa = PBXGroup;
			children = (
				C42FCFB929747027001FC55C /* KeychainHelper.swift */,
			);
			path = Helpers;
			sourceTree = "<group>";
		};
		C4372544292B580200E31F45 /* Managers */ = {
			isa = PBXGroup;
			children = (
				C493668D293A91F4003C6C3D /* Auth */,
				C4795F37292B5D0A003D8E64 /* APICaller.swift */,
				C4795F56292E75A3003D8E64 /* DataPersistenceManager.swift */,
			);
			path = Managers;
			sourceTree = "<group>";
		};
		C441780A2986B2D7006F3CB4 /* Profile */ = {
			isa = PBXGroup;
			children = (
				C441780B2986B318006F3CB4 /* ProfileSettingsViewController.swift */,
			);
			path = Profile;
			sourceTree = "<group>";
		};
		C4795F3B292B69DE003D8E64 /* Enums */ = {
			isa = PBXGroup;
			children = (
				C4795F3C292B69F3003D8E64 /* Network+Enum.swift */,
			);
			path = Enums;
			sourceTree = "<group>";
		};
		C493667129307B4D003C6C3D /* Onboarding */ = {
			isa = PBXGroup;
			children = (
				C493667229307B9C003C6C3D /* OnboardingContainerViewController.swift */,
				C493667429307DC2003C6C3D /* OnboardingViewController.swift */,
			);
			path = Onboarding;
			sourceTree = "<group>";
		};
		C493667C2931E7B8003C6C3D /* Auth */ = {
			isa = PBXGroup;
			children = (
				C4A3C2C229B39B2C0028A46C /* ForgotPassword */,
				C493667D2931EB94003C6C3D /* Login */,
			);
			path = Auth;
			sourceTree = "<group>";
		};
		C493667D2931EB94003C6C3D /* Login */ = {
			isa = PBXGroup;
			children = (
				C493667E2931EBAC003C6C3D /* LoginViewController.swift */,
				C49366832931FB86003C6C3D /* LoginView.swift */,
			);
			path = Login;
			sourceTree = "<group>";
		};
		C49366802931EE10003C6C3D /* Auth */ = {
			isa = PBXGroup;
			children = (
				C49366812931EE2F003C6C3D /* LoginViewController+Extension.swift */,
				C49366892932A3DB003C6C3D /* LoginView+Extension.swift */,
				C437D9CC29B3B398008C2380 /* ForgotPasswordViewController+Extension.swift */,
				C427E53029C650C700C1A002 /* PasswordStatusUIView+Extension.swift */,
				C427E53629C6574700C1A002 /* PasswordCriteriaUIView+Extension.swift */,
			);
			path = Auth;
			sourceTree = "<group>";
		};
		C493668D293A91F4003C6C3D /* Auth */ = {
			isa = PBXGroup;
			children = (
				C493668E293A926C003C6C3D /* UserManager.swift */,
				C42FCFB62974665D001FC55C /* AuthManager.swift */,
			);
			path = Auth;
			sourceTree = "<group>";
		};
		C4A3C2C229B39B2C0028A46C /* ForgotPassword */ = {
			isa = PBXGroup;
			children = (
				C4A3C2C329B39B4A0028A46C /* ForgotPasswordViewController.swift */,
			);
			path = ForgotPassword;
			sourceTree = "<group>";
		};
		C4A3C2C529B3AA810028A46C /* Profile */ = {
			isa = PBXGroup;
			children = (
				C4A3C2C629B3AAA10028A46C /* ProfileViewController+Extension.swift */,
			);
			path = Profile;
			sourceTree = "<group>";
		};
		C4D742F6292A327700F71032 = {
			isa = PBXGroup;
			children = (
				C4D74301292A327700F71032 /* cinema-planner */,
				C4EC1E762947CC5E00DFD8B5 /* cinema-plannerUnitTests */,
				C4D74300292A327700F71032 /* Products */,
				C4EC1E7E2947CC7100DFD8B5 /* Frameworks */,
			);
			sourceTree = "<group>";
		};
		C4D74300292A327700F71032 /* Products */ = {
			isa = PBXGroup;
			children = (
				C4D742FF292A327700F71032 /* cinema-planner.app */,
				C4EC1E752947CC5E00DFD8B5 /* cinema-plannerUnitTests.xctest */,
			);
			name = Products;
			sourceTree = "<group>";
		};
		C4D74301292A327700F71032 /* cinema-planner */ = {
			isa = PBXGroup;
			children = (
				C42FCFB829747008001FC55C /* Helpers */,
				C4795F3B292B69DE003D8E64 /* Enums */,
				C4372544292B580200E31F45 /* Managers */,
				C4D7432F292A658000F71032 /* Utils */,
				C4D7432C292A5A6100F71032 /* Factories */,
				C4D74321292A44E000F71032 /* Models */,
				C4D74320292A44D800F71032 /* Views */,
				C4D74322292A44F700F71032 /* ViewModels */,
				C4D74316292A35C200F71032 /* Controllers */,
				C4D74325292A4DF500F71032 /* Extensions */,
				C4D74302292A327700F71032 /* AppDelegate.swift */,
				C4D74304292A327700F71032 /* SceneDelegate.swift */,
				C4D74306292A327700F71032 /* MainTabBarViewController.swift */,
				C4D7430B292A327700F71032 /* Assets.xcassets */,
				C4D7430D292A327700F71032 /* LaunchScreen.storyboard */,
				C4D74310292A327700F71032 /* Info.plist */,
				C4795F53292E7073003D8E64 /* CinemaPlannerModel.xcdatamodeld */,
			);
			path = "cinema-planner";
			sourceTree = "<group>";
		};
		C4D74316292A35C200F71032 /* Controllers */ = {
			isa = PBXGroup;
			children = (
				C441780A2986B2D7006F3CB4 /* Profile */,
				C493667C2931E7B8003C6C3D /* Auth */,
				C493667129307B4D003C6C3D /* Onboarding */,
				C4D74317292A35FA00F71032 /* HomeViewController.swift */,
				C4D74319292A363700F71032 /* UpcomingViewController.swift */,
				C4D7431C292A366F00F71032 /* SearchViewController.swift */,
				C4D7431E292A36A200F71032 /* ToWatchListViewController.swift */,
				C4795F4B292BA0B1003D8E64 /* SearchResultsViewController.swift */,
				C4795F4F292D2CD0003D8E64 /* TitlePreviewViewController.swift */,
			);
			path = Controllers;
			sourceTree = "<group>";
		};
		C4D74320292A44D800F71032 /* Views */ = {
			isa = PBXGroup;
			children = (
				C404A0E729EBFDB600C03C44 /* AdvancedComponents */,
				C427E52D29C64FC300C1A002 /* Auth */,
				C4D74323292A463900F71032 /* CollectionViewTableViewCell.swift */,
				C4D7432A292A4F5500F71032 /* HeroHeaderUIView.swift */,
				C4795F40292B7492003D8E64 /* TitleCollectionViewCell.swift */,
				C4795F47292B8AD3003D8E64 /* TitleTableViewCell.swift */,
				C4254F3929667B4A0058D542 /* SkeletonTitleTableViewCell.swift */,
			);
			path = Views;
			sourceTree = "<group>";
		};
		C4D74321292A44E000F71032 /* Models */ = {
			isa = PBXGroup;
			children = (
				C4795F39292B6641003D8E64 /* Video.swift */,
				C4795F4D292D262E003D8E64 /* YoutubeSearchResponse.swift */,
			);
			path = Models;
			sourceTree = "<group>";
		};
		C4D74322292A44F700F71032 /* ViewModels */ = {
			isa = PBXGroup;
			children = (
				C4795F49292B8EC6003D8E64 /* TitleViewModel.swift */,
				C4795F51292D2FF7003D8E64 /* TitlePreviewViewModel.swift */,
			);
			path = ViewModels;
			sourceTree = "<group>";
		};
		C4D74325292A4DF500F71032 /* Extensions */ = {
			isa = PBXGroup;
			children = (
				C404A0EA29EC377800C03C44 /* AdvancedComponents */,
				C4A3C2C529B3AA810028A46C /* Profile */,
				C49366802931EE10003C6C3D /* Auth */,
				C4D74326292A4E2300F71032 /* HomeViewController+Extension.swift */,
				C4795F3E292B6C81003D8E64 /* String+Extension.swift */,
				C493667629307F3F003C6C3D /* OnboardingViewController+Extension.swift */,
				C493667A29314FF9003C6C3D /* OnboardingContainerViewController+Extension.swift */,
			);
			path = Extensions;
			sourceTree = "<group>";
		};
		C4D7432C292A5A6100F71032 /* Factories */ = {
			isa = PBXGroup;
			children = (
				C4D7432D292A5A7700F71032 /* ButtonFactory.swift */,
				C493667829308002003C6C3D /* LabelFactory.swift */,
				C49366852931FBB8003C6C3D /* TextFieldFactory.swift */,
				C49366872931FEE5003C6C3D /* StackViewFactory.swift */,
				C42FCFB02973D714001FC55C /* ViewFactory.swift */,
				C427E53429C6533400C1A002 /* imageViewFactory.swift */,
			);
			path = Factories;
			sourceTree = "<group>";
		};
		C4D7432F292A658000F71032 /* Utils */ = {
			isa = PBXGroup;
			children = (
				C4D74330292A659B00F71032 /* LocalState+Utils.swift */,
				C493668B293A8A19003C6C3D /* UITextFieldSecureToggle+Utils.swift */,
				C42FCFB42973FFF3001FC55C /* SkeletonLoadable.swift */,
			);
			path = Utils;
			sourceTree = "<group>";
		};
		C4EC1E762947CC5E00DFD8B5 /* cinema-plannerUnitTests */ = {
			isa = PBXGroup;
			children = (
				C4EC1E822947CD0800DFD8B5 /* String+ExtensionTests.swift */,
			);
			path = "cinema-plannerUnitTests";
			sourceTree = "<group>";
		};
		C4EC1E7E2947CC7100DFD8B5 /* Frameworks */ = {
			isa = PBXGroup;
			children = (
			);
			name = Frameworks;
			sourceTree = "<group>";
		};
/* End PBXGroup section */

/* Begin PBXNativeTarget section */
		C4D742FE292A327700F71032 /* cinema-planner */ = {
			isa = PBXNativeTarget;
			buildConfigurationList = C4D74313292A327700F71032 /* Build configuration list for PBXNativeTarget "cinema-planner" */;
			buildPhases = (
				C4D742FB292A327700F71032 /* Sources */,
				C4D742FC292A327700F71032 /* Frameworks */,
				C4D742FD292A327700F71032 /* Resources */,
			);
			buildRules = (
			);
			dependencies = (
			);
			name = "cinema-planner";
			packageProductDependencies = (
				C4795F43292B7638003D8E64 /* SDWebImage */,
				C4795F45292B7638003D8E64 /* SDWebImageMapKit */,
			);
			productName = "cinema-planner";
			productReference = C4D742FF292A327700F71032 /* cinema-planner.app */;
			productType = "com.apple.product-type.application";
		};
		C4EC1E742947CC5E00DFD8B5 /* cinema-plannerUnitTests */ = {
			isa = PBXNativeTarget;
			buildConfigurationList = C4EC1E7D2947CC5E00DFD8B5 /* Build configuration list for PBXNativeTarget "cinema-plannerUnitTests" */;
			buildPhases = (
				C4EC1E712947CC5E00DFD8B5 /* Sources */,
				C4EC1E722947CC5E00DFD8B5 /* Frameworks */,
				C4EC1E732947CC5E00DFD8B5 /* Resources */,
			);
			buildRules = (
			);
			dependencies = (
				C4EC1E7A2947CC5E00DFD8B5 /* PBXTargetDependency */,
			);
			name = "cinema-plannerUnitTests";
			packageProductDependencies = (
			);
			productName = "cinema-plannerUnitTests";
			productReference = C4EC1E752947CC5E00DFD8B5 /* cinema-plannerUnitTests.xctest */;
			productType = "com.apple.product-type.bundle.unit-test";
		};
/* End PBXNativeTarget section */

/* Begin PBXProject section */
		C4D742F7292A327700F71032 /* Project object */ = {
			isa = PBXProject;
			attributes = {
				BuildIndependentTargetsInParallel = 1;
				LastSwiftUpdateCheck = 1400;
				LastUpgradeCheck = 1400;
				TargetAttributes = {
					C4D742FE292A327700F71032 = {
						CreatedOnToolsVersion = 14.0;
					};
					C4EC1E742947CC5E00DFD8B5 = {
						CreatedOnToolsVersion = 14.0;
						TestTargetID = C4D742FE292A327700F71032;
					};
				};
			};
			buildConfigurationList = C4D742FA292A327700F71032 /* Build configuration list for PBXProject "cinema-planner" */;
			compatibilityVersion = "Xcode 14.0";
			developmentRegion = en;
			hasScannedForEncodings = 0;
			knownRegions = (
				en,
				Base,
			);
			mainGroup = C4D742F6292A327700F71032;
			packageReferences = (
				C4795F42292B7638003D8E64 /* XCRemoteSwiftPackageReference "SDWebImage" */,
			);
			productRefGroup = C4D74300292A327700F71032 /* Products */;
			projectDirPath = "";
			projectRoot = "";
			targets = (
				C4D742FE292A327700F71032 /* cinema-planner */,
				C4EC1E742947CC5E00DFD8B5 /* cinema-plannerUnitTests */,
			);
		};
/* End PBXProject section */

/* Begin PBXResourcesBuildPhase section */
		C4D742FD292A327700F71032 /* Resources */ = {
			isa = PBXResourcesBuildPhase;
			buildActionMask = 2147483647;
			files = (
				C4D7430F292A327700F71032 /* LaunchScreen.storyboard in Resources */,
				C4D7430C292A327700F71032 /* Assets.xcassets in Resources */,
			);
			runOnlyForDeploymentPostprocessing = 0;
		};
		C4EC1E732947CC5E00DFD8B5 /* Resources */ = {
			isa = PBXResourcesBuildPhase;
			buildActionMask = 2147483647;
			files = (
			);
			runOnlyForDeploymentPostprocessing = 0;
		};
/* End PBXResourcesBuildPhase section */

/* Begin PBXSourcesBuildPhase section */
		C4D742FB292A327700F71032 /* Sources */ = {
			isa = PBXSourcesBuildPhase;
			buildActionMask = 2147483647;
			files = (
				C4D7431D292A366F00F71032 /* SearchViewController.swift in Sources */,
				C42FCFB72974665D001FC55C /* AuthManager.swift in Sources */,
				C493668A2932A3DB003C6C3D /* LoginView+Extension.swift in Sources */,
				C493668F293A926C003C6C3D /* UserManager.swift in Sources */,
				C4D74307292A327700F71032 /* MainTabBarViewController.swift in Sources */,
				C427E52F29C6500900C1A002 /* PasswordStatusUIView.swift in Sources */,
				C4D74324292A463900F71032 /* CollectionViewTableViewCell.swift in Sources */,
				C493667929308002003C6C3D /* LabelFactory.swift in Sources */,
				C427E53329C652A400C1A002 /* PasswordCriteriaUIView.swift in Sources */,
				C441780C2986B318006F3CB4 /* ProfileSettingsViewController.swift in Sources */,
				C4A3C2C729B3AAA10028A46C /* ProfileViewController+Extension.swift in Sources */,
				C4795F50292D2CD1003D8E64 /* TitlePreviewViewController.swift in Sources */,
				C42FCFB12973D714001FC55C /* ViewFactory.swift in Sources */,
				C42FCFBA29747027001FC55C /* KeychainHelper.swift in Sources */,
				C4795F38292B5D0A003D8E64 /* APICaller.swift in Sources */,
				C404A0E929EBFDE400C03C44 /* AdvancedTextfieldUIView.swift in Sources */,
				C493668C293A8A19003C6C3D /* UITextFieldSecureToggle+Utils.swift in Sources */,
				C427E53729C6574700C1A002 /* PasswordCriteriaUIView+Extension.swift in Sources */,
				C4795F3A292B6641003D8E64 /* Video.swift in Sources */,
				C4795F52292D2FF7003D8E64 /* TitlePreviewViewModel.swift in Sources */,
				C4D7431F292A36A200F71032 /* ToWatchListViewController.swift in Sources */,
				C4D74331292A659B00F71032 /* LocalState+Utils.swift in Sources */,
				C49366842931FB86003C6C3D /* LoginView.swift in Sources */,
				C4795F3D292B69F3003D8E64 /* Network+Enum.swift in Sources */,
				C493667329307B9C003C6C3D /* OnboardingContainerViewController.swift in Sources */,
				C493667F2931EBAC003C6C3D /* LoginViewController.swift in Sources */,
				C4254F3A29667B4A0058D542 /* SkeletonTitleTableViewCell.swift in Sources */,
				C493667529307DC2003C6C3D /* OnboardingViewController.swift in Sources */,
				C437D9CD29B3B398008C2380 /* ForgotPasswordViewController+Extension.swift in Sources */,
				C4795F3F292B6C81003D8E64 /* String+Extension.swift in Sources */,
				C4795F4A292B8EC6003D8E64 /* TitleViewModel.swift in Sources */,
				C4D74303292A327700F71032 /* AppDelegate.swift in Sources */,
				C4D74305292A327700F71032 /* SceneDelegate.swift in Sources */,
				C4D7432E292A5A7700F71032 /* ButtonFactory.swift in Sources */,
				C49366822931EE2F003C6C3D /* LoginViewController+Extension.swift in Sources */,
				C427E53129C650C700C1A002 /* PasswordStatusUIView+Extension.swift in Sources */,
				C49366862931FBB8003C6C3D /* TextFieldFactory.swift in Sources */,
				C4D7431A292A363700F71032 /* UpcomingViewController.swift in Sources */,
				C493667729307F3F003C6C3D /* OnboardingViewController+Extension.swift in Sources */,
				C4D7432B292A4F5500F71032 /* HeroHeaderUIView.swift in Sources */,
				C493667B29314FF9003C6C3D /* OnboardingContainerViewController+Extension.swift in Sources */,
				C4795F48292B8AD3003D8E64 /* TitleTableViewCell.swift in Sources */,
				C4795F41292B7492003D8E64 /* TitleCollectionViewCell.swift in Sources */,
				C4D74318292A35FA00F71032 /* HomeViewController.swift in Sources */,
				C4795F4C292BA0B1003D8E64 /* SearchResultsViewController.swift in Sources */,
				C4795F55292E7073003D8E64 /* CinemaPlannerModel.xcdatamodeld in Sources */,
				C404A0EC29EC379A00C03C44 /* AdvancedTextfieldUIView+Extension.swift in Sources */,
				C4795F57292E75A3003D8E64 /* DataPersistenceManager.swift in Sources */,
				C4795F4E292D262E003D8E64 /* YoutubeSearchResponse.swift in Sources */,
				C4A3C2C429B39B4A0028A46C /* ForgotPasswordViewController.swift in Sources */,
				C427E53529C6533400C1A002 /* imageViewFactory.swift in Sources */,
				C49366882931FEE5003C6C3D /* StackViewFactory.swift in Sources */,
				C4D74327292A4E2300F71032 /* HomeViewController+Extension.swift in Sources */,
				C42FCFB52973FFF3001FC55C /* SkeletonLoadable.swift in Sources */,
			);
			runOnlyForDeploymentPostprocessing = 0;
		};
		C4EC1E712947CC5E00DFD8B5 /* Sources */ = {
			isa = PBXSourcesBuildPhase;
			buildActionMask = 2147483647;
			files = (
				C4EC1E862947D0D800DFD8B5 /* String+ExtensionTests.swift in Sources */,
			);
			runOnlyForDeploymentPostprocessing = 0;
		};
/* End PBXSourcesBuildPhase section */

/* Begin PBXTargetDependency section */
		C4EC1E7A2947CC5E00DFD8B5 /* PBXTargetDependency */ = {
			isa = PBXTargetDependency;
			target = C4D742FE292A327700F71032 /* cinema-planner */;
			targetProxy = C4EC1E792947CC5E00DFD8B5 /* PBXContainerItemProxy */;
		};
/* End PBXTargetDependency section */

/* Begin PBXVariantGroup section */
		C4D7430D292A327700F71032 /* LaunchScreen.storyboard */ = {
			isa = PBXVariantGroup;
			children = (
				C4D7430E292A327700F71032 /* Base */,
			);
			name = LaunchScreen.storyboard;
			sourceTree = "<group>";
		};
/* End PBXVariantGroup section */

/* Begin XCBuildConfiguration section */
		C4D74311292A327700F71032 /* Debug */ = {
			isa = XCBuildConfiguration;
			buildSettings = {
				ALWAYS_SEARCH_USER_PATHS = NO;
				CLANG_ANALYZER_NONNULL = YES;
				CLANG_ANALYZER_NUMBER_OBJECT_CONVERSION = YES_AGGRESSIVE;
				CLANG_CXX_LANGUAGE_STANDARD = "gnu++20";
				CLANG_ENABLE_MODULES = YES;
				CLANG_ENABLE_OBJC_ARC = YES;
				CLANG_ENABLE_OBJC_WEAK = YES;
				CLANG_WARN_BLOCK_CAPTURE_AUTORELEASING = YES;
				CLANG_WARN_BOOL_CONVERSION = YES;
				CLANG_WARN_COMMA = YES;
				CLANG_WARN_CONSTANT_CONVERSION = YES;
				CLANG_WARN_DEPRECATED_OBJC_IMPLEMENTATIONS = YES;
				CLANG_WARN_DIRECT_OBJC_ISA_USAGE = YES_ERROR;
				CLANG_WARN_DOCUMENTATION_COMMENTS = YES;
				CLANG_WARN_EMPTY_BODY = YES;
				CLANG_WARN_ENUM_CONVERSION = YES;
				CLANG_WARN_INFINITE_RECURSION = YES;
				CLANG_WARN_INT_CONVERSION = YES;
				CLANG_WARN_NON_LITERAL_NULL_CONVERSION = YES;
				CLANG_WARN_OBJC_IMPLICIT_RETAIN_SELF = YES;
				CLANG_WARN_OBJC_LITERAL_CONVERSION = YES;
				CLANG_WARN_OBJC_ROOT_CLASS = YES_ERROR;
				CLANG_WARN_QUOTED_INCLUDE_IN_FRAMEWORK_HEADER = YES;
				CLANG_WARN_RANGE_LOOP_ANALYSIS = YES;
				CLANG_WARN_STRICT_PROTOTYPES = YES;
				CLANG_WARN_SUSPICIOUS_MOVE = YES;
				CLANG_WARN_UNGUARDED_AVAILABILITY = YES_AGGRESSIVE;
				CLANG_WARN_UNREACHABLE_CODE = YES;
				CLANG_WARN__DUPLICATE_METHOD_MATCH = YES;
				COPY_PHASE_STRIP = NO;
				DEBUG_INFORMATION_FORMAT = dwarf;
				ENABLE_STRICT_OBJC_MSGSEND = YES;
				ENABLE_TESTABILITY = YES;
				GCC_C_LANGUAGE_STANDARD = gnu11;
				GCC_DYNAMIC_NO_PIC = NO;
				GCC_NO_COMMON_BLOCKS = YES;
				GCC_OPTIMIZATION_LEVEL = 0;
				GCC_PREPROCESSOR_DEFINITIONS = (
					"DEBUG=1",
					"$(inherited)",
				);
				GCC_WARN_64_TO_32_BIT_CONVERSION = YES;
				GCC_WARN_ABOUT_RETURN_TYPE = YES_ERROR;
				GCC_WARN_UNDECLARED_SELECTOR = YES;
				GCC_WARN_UNINITIALIZED_AUTOS = YES_AGGRESSIVE;
				GCC_WARN_UNUSED_FUNCTION = YES;
				GCC_WARN_UNUSED_VARIABLE = YES;
				IPHONEOS_DEPLOYMENT_TARGET = 16.0;
				MTL_ENABLE_DEBUG_INFO = INCLUDE_SOURCE;
				MTL_FAST_MATH = YES;
				ONLY_ACTIVE_ARCH = YES;
				SDKROOT = iphoneos;
				SWIFT_ACTIVE_COMPILATION_CONDITIONS = DEBUG;
				SWIFT_OPTIMIZATION_LEVEL = "-Onone";
			};
			name = Debug;
		};
		C4D74312292A327700F71032 /* Release */ = {
			isa = XCBuildConfiguration;
			buildSettings = {
				ALWAYS_SEARCH_USER_PATHS = NO;
				CLANG_ANALYZER_NONNULL = YES;
				CLANG_ANALYZER_NUMBER_OBJECT_CONVERSION = YES_AGGRESSIVE;
				CLANG_CXX_LANGUAGE_STANDARD = "gnu++20";
				CLANG_ENABLE_MODULES = YES;
				CLANG_ENABLE_OBJC_ARC = YES;
				CLANG_ENABLE_OBJC_WEAK = YES;
				CLANG_WARN_BLOCK_CAPTURE_AUTORELEASING = YES;
				CLANG_WARN_BOOL_CONVERSION = YES;
				CLANG_WARN_COMMA = YES;
				CLANG_WARN_CONSTANT_CONVERSION = YES;
				CLANG_WARN_DEPRECATED_OBJC_IMPLEMENTATIONS = YES;
				CLANG_WARN_DIRECT_OBJC_ISA_USAGE = YES_ERROR;
				CLANG_WARN_DOCUMENTATION_COMMENTS = YES;
				CLANG_WARN_EMPTY_BODY = YES;
				CLANG_WARN_ENUM_CONVERSION = YES;
				CLANG_WARN_INFINITE_RECURSION = YES;
				CLANG_WARN_INT_CONVERSION = YES;
				CLANG_WARN_NON_LITERAL_NULL_CONVERSION = YES;
				CLANG_WARN_OBJC_IMPLICIT_RETAIN_SELF = YES;
				CLANG_WARN_OBJC_LITERAL_CONVERSION = YES;
				CLANG_WARN_OBJC_ROOT_CLASS = YES_ERROR;
				CLANG_WARN_QUOTED_INCLUDE_IN_FRAMEWORK_HEADER = YES;
				CLANG_WARN_RANGE_LOOP_ANALYSIS = YES;
				CLANG_WARN_STRICT_PROTOTYPES = YES;
				CLANG_WARN_SUSPICIOUS_MOVE = YES;
				CLANG_WARN_UNGUARDED_AVAILABILITY = YES_AGGRESSIVE;
				CLANG_WARN_UNREACHABLE_CODE = YES;
				CLANG_WARN__DUPLICATE_METHOD_MATCH = YES;
				COPY_PHASE_STRIP = NO;
				DEBUG_INFORMATION_FORMAT = "dwarf-with-dsym";
				ENABLE_NS_ASSERTIONS = NO;
				ENABLE_STRICT_OBJC_MSGSEND = YES;
				GCC_C_LANGUAGE_STANDARD = gnu11;
				GCC_NO_COMMON_BLOCKS = YES;
				GCC_WARN_64_TO_32_BIT_CONVERSION = YES;
				GCC_WARN_ABOUT_RETURN_TYPE = YES_ERROR;
				GCC_WARN_UNDECLARED_SELECTOR = YES;
				GCC_WARN_UNINITIALIZED_AUTOS = YES_AGGRESSIVE;
				GCC_WARN_UNUSED_FUNCTION = YES;
				GCC_WARN_UNUSED_VARIABLE = YES;
				IPHONEOS_DEPLOYMENT_TARGET = 16.0;
				MTL_ENABLE_DEBUG_INFO = NO;
				MTL_FAST_MATH = YES;
				SDKROOT = iphoneos;
				SWIFT_COMPILATION_MODE = wholemodule;
				SWIFT_OPTIMIZATION_LEVEL = "-O";
				VALIDATE_PRODUCT = YES;
			};
			name = Release;
		};
		C4D74314292A327700F71032 /* Debug */ = {
			isa = XCBuildConfiguration;
			buildSettings = {
				ASSETCATALOG_COMPILER_APPICON_NAME = AppIcon;
				ASSETCATALOG_COMPILER_GLOBAL_ACCENT_COLOR_NAME = AccentColor;
				CODE_SIGN_STYLE = Automatic;
				CURRENT_PROJECT_VERSION = 1;
				GENERATE_INFOPLIST_FILE = YES;
				INFOPLIST_FILE = "cinema-planner/Info.plist";
				INFOPLIST_KEY_UIApplicationSupportsIndirectInputEvents = YES;
				INFOPLIST_KEY_UILaunchStoryboardName = LaunchScreen;
				INFOPLIST_KEY_UISupportedInterfaceOrientations_iPad = "UIInterfaceOrientationPortrait UIInterfaceOrientationPortraitUpsideDown UIInterfaceOrientationLandscapeLeft UIInterfaceOrientationLandscapeRight";
				INFOPLIST_KEY_UISupportedInterfaceOrientations_iPhone = "UIInterfaceOrientationPortrait UIInterfaceOrientationLandscapeLeft UIInterfaceOrientationLandscapeRight";
				LD_RUNPATH_SEARCH_PATHS = (
					"$(inherited)",
					"@executable_path/Frameworks",
				);
				MARKETING_VERSION = 1.0;
				PRODUCT_BUNDLE_IDENTIFIER = "mpilo.pillz.cinema-planner";
				PRODUCT_NAME = "$(TARGET_NAME)";
				SWIFT_EMIT_LOC_STRINGS = YES;
				SWIFT_VERSION = 5.0;
				TARGETED_DEVICE_FAMILY = "1,2";
			};
			name = Debug;
		};
		C4D74315292A327700F71032 /* Release */ = {
			isa = XCBuildConfiguration;
			buildSettings = {
				ASSETCATALOG_COMPILER_APPICON_NAME = AppIcon;
				ASSETCATALOG_COMPILER_GLOBAL_ACCENT_COLOR_NAME = AccentColor;
				CODE_SIGN_STYLE = Automatic;
				CURRENT_PROJECT_VERSION = 1;
				GENERATE_INFOPLIST_FILE = YES;
				INFOPLIST_FILE = "cinema-planner/Info.plist";
				INFOPLIST_KEY_UIApplicationSupportsIndirectInputEvents = YES;
				INFOPLIST_KEY_UILaunchStoryboardName = LaunchScreen;
				INFOPLIST_KEY_UISupportedInterfaceOrientations_iPad = "UIInterfaceOrientationPortrait UIInterfaceOrientationPortraitUpsideDown UIInterfaceOrientationLandscapeLeft UIInterfaceOrientationLandscapeRight";
				INFOPLIST_KEY_UISupportedInterfaceOrientations_iPhone = "UIInterfaceOrientationPortrait UIInterfaceOrientationLandscapeLeft UIInterfaceOrientationLandscapeRight";
				LD_RUNPATH_SEARCH_PATHS = (
					"$(inherited)",
					"@executable_path/Frameworks",
				);
				MARKETING_VERSION = 1.0;
				PRODUCT_BUNDLE_IDENTIFIER = "mpilo.pillz.cinema-planner";
				PRODUCT_NAME = "$(TARGET_NAME)";
				SWIFT_EMIT_LOC_STRINGS = YES;
				SWIFT_VERSION = 5.0;
				TARGETED_DEVICE_FAMILY = "1,2";
			};
			name = Release;
		};
		C4EC1E7B2947CC5E00DFD8B5 /* Debug */ = {
			isa = XCBuildConfiguration;
			buildSettings = {
				CODE_SIGN_STYLE = Automatic;
				CURRENT_PROJECT_VERSION = 1;
				GENERATE_INFOPLIST_FILE = YES;
				MARKETING_VERSION = 1.0;
				PRODUCT_BUNDLE_IDENTIFIER = "mpilo.pillz.cinema-plannerUnitTests";
				PRODUCT_NAME = "$(TARGET_NAME)";
				SWIFT_EMIT_LOC_STRINGS = NO;
				SWIFT_VERSION = 5.0;
				TARGETED_DEVICE_FAMILY = "1,2";
				TEST_HOST = "$(BUILT_PRODUCTS_DIR)/cinema-planner.app/$(BUNDLE_EXECUTABLE_FOLDER_PATH)/cinema-planner";
			};
			name = Debug;
		};
		C4EC1E7C2947CC5E00DFD8B5 /* Release */ = {
			isa = XCBuildConfiguration;
			buildSettings = {
				CODE_SIGN_STYLE = Automatic;
				CURRENT_PROJECT_VERSION = 1;
				GENERATE_INFOPLIST_FILE = YES;
				MARKETING_VERSION = 1.0;
				PRODUCT_BUNDLE_IDENTIFIER = "mpilo.pillz.cinema-plannerUnitTests";
				PRODUCT_NAME = "$(TARGET_NAME)";
				SWIFT_EMIT_LOC_STRINGS = NO;
				SWIFT_VERSION = 5.0;
				TARGETED_DEVICE_FAMILY = "1,2";
				TEST_HOST = "$(BUILT_PRODUCTS_DIR)/cinema-planner.app/$(BUNDLE_EXECUTABLE_FOLDER_PATH)/cinema-planner";
			};
			name = Release;
		};
/* End XCBuildConfiguration section */

/* Begin XCConfigurationList section */
		C4D742FA292A327700F71032 /* Build configuration list for PBXProject "cinema-planner" */ = {
			isa = XCConfigurationList;
			buildConfigurations = (
				C4D74311292A327700F71032 /* Debug */,
				C4D74312292A327700F71032 /* Release */,
			);
			defaultConfigurationIsVisible = 0;
			defaultConfigurationName = Release;
		};
		C4D74313292A327700F71032 /* Build configuration list for PBXNativeTarget "cinema-planner" */ = {
			isa = XCConfigurationList;
			buildConfigurations = (
				C4D74314292A327700F71032 /* Debug */,
				C4D74315292A327700F71032 /* Release */,
			);
			defaultConfigurationIsVisible = 0;
			defaultConfigurationName = Release;
		};
		C4EC1E7D2947CC5E00DFD8B5 /* Build configuration list for PBXNativeTarget "cinema-plannerUnitTests" */ = {
			isa = XCConfigurationList;
			buildConfigurations = (
				C4EC1E7B2947CC5E00DFD8B5 /* Debug */,
				C4EC1E7C2947CC5E00DFD8B5 /* Release */,
			);
			defaultConfigurationIsVisible = 0;
			defaultConfigurationName = Release;
		};
/* End XCConfigurationList section */

/* Begin XCRemoteSwiftPackageReference section */
		C4795F42292B7638003D8E64 /* XCRemoteSwiftPackageReference "SDWebImage" */ = {
			isa = XCRemoteSwiftPackageReference;
			repositoryURL = "https://github.com/SDWebImage/SDWebImage.git";
			requirement = {
				branch = master;
				kind = branch;
			};
		};
/* End XCRemoteSwiftPackageReference section */

/* Begin XCSwiftPackageProductDependency section */
		C4795F43292B7638003D8E64 /* SDWebImage */ = {
			isa = XCSwiftPackageProductDependency;
			package = C4795F42292B7638003D8E64 /* XCRemoteSwiftPackageReference "SDWebImage" */;
			productName = SDWebImage;
		};
		C4795F45292B7638003D8E64 /* SDWebImageMapKit */ = {
			isa = XCSwiftPackageProductDependency;
			package = C4795F42292B7638003D8E64 /* XCRemoteSwiftPackageReference "SDWebImage" */;
			productName = SDWebImageMapKit;
		};
/* End XCSwiftPackageProductDependency section */

/* Begin XCVersionGroup section */
		C4795F53292E7073003D8E64 /* CinemaPlannerModel.xcdatamodeld */ = {
			isa = XCVersionGroup;
			children = (
				C4795F54292E7073003D8E64 /* CinemaPlannerModel.xcdatamodel */,
			);
			currentVersion = C4795F54292E7073003D8E64 /* CinemaPlannerModel.xcdatamodel */;
			path = CinemaPlannerModel.xcdatamodeld;
			sourceTree = "<group>";
			versionGroupType = wrapper.xcdatamodel;
		};
/* End XCVersionGroup section */
	};
	rootObject = C4D742F7292A327700F71032 /* Project object */;
}
