// !$*UTF8*$!
{
	archiveVersion = 1;
	classes = {
	};
	objectVersion = 56;
	objects = {

/* Begin PBXBuildFile section */
		C4D74303292A327700F71032 /* AppDelegate.swift in Sources */ = {isa = PBXBuildFile; fileRef = C4D74302292A327700F71032 /* AppDelegate.swift */; };
		C4D74305292A327700F71032 /* SceneDelegate.swift in Sources */ = {isa = PBXBuildFile; fileRef = C4D74304292A327700F71032 /* SceneDelegate.swift */; };
		C4D74307292A327700F71032 /* MainTabBarViewController.swift in Sources */ = {isa = PBXBuildFile; fileRef = C4D74306292A327700F71032 /* MainTabBarViewController.swift */; };
		C4D7430C292A327700F71032 /* Assets.xcassets in Resources */ = {isa = PBXBuildFile; fileRef = C4D7430B292A327700F71032 /* Assets.xcassets */; };
		C4D7430F292A327700F71032 /* LaunchScreen.storyboard in Resources */ = {isa = PBXBuildFile; fileRef = C4D7430D292A327700F71032 /* LaunchScreen.storyboard */; };
		C4D74318292A35FA00F71032 /* HomeViewController.swift in Sources */ = {isa = PBXBuildFile; fileRef = C4D74317292A35FA00F71032 /* HomeViewController.swift */; };
		C4D7431A292A363700F71032 /* UpcomingViewController.swift in Sources */ = {isa = PBXBuildFile; fileRef = C4D74319292A363700F71032 /* UpcomingViewController.swift */; };
		C4D7431D292A366F00F71032 /* SearchViewController.swift in Sources */ = {isa = PBXBuildFile; fileRef = C4D7431C292A366F00F71032 /* SearchViewController.swift */; };
		C4D7431F292A36A200F71032 /* DownloadsViewController.swift in Sources */ = {isa = PBXBuildFile; fileRef = C4D7431E292A36A200F71032 /* DownloadsViewController.swift */; };
		C4D74324292A463900F71032 /* CollectionViewTableViewCell.swift in Sources */ = {isa = PBXBuildFile; fileRef = C4D74323292A463900F71032 /* CollectionViewTableViewCell.swift */; };
		C4D74327292A4E2300F71032 /* HomeViewController+Extension.swift in Sources */ = {isa = PBXBuildFile; fileRef = C4D74326292A4E2300F71032 /* HomeViewController+Extension.swift */; };
		C4D74329292A4EAC00F71032 /* CollectionViewTableViewCell+Extension.swift in Sources */ = {isa = PBXBuildFile; fileRef = C4D74328292A4EAC00F71032 /* CollectionViewTableViewCell+Extension.swift */; };
		C4D7432B292A4F5500F71032 /* HeroHeaderUIView.swift in Sources */ = {isa = PBXBuildFile; fileRef = C4D7432A292A4F5500F71032 /* HeroHeaderUIView.swift */; };
		C4D7432E292A5A7700F71032 /* ButtonFactory.swift in Sources */ = {isa = PBXBuildFile; fileRef = C4D7432D292A5A7700F71032 /* ButtonFactory.swift */; };
		C4D74331292A659B00F71032 /* LocalState+Utils.swift in Sources */ = {isa = PBXBuildFile; fileRef = C4D74330292A659B00F71032 /* LocalState+Utils.swift */; };
/* End PBXBuildFile section */

/* Begin PBXFileReference section */
		C4D742FF292A327700F71032 /* cinema-planner.app */ = {isa = PBXFileReference; explicitFileType = wrapper.application; includeInIndex = 0; path = "cinema-planner.app"; sourceTree = BUILT_PRODUCTS_DIR; };
		C4D74302292A327700F71032 /* AppDelegate.swift */ = {isa = PBXFileReference; lastKnownFileType = sourcecode.swift; path = AppDelegate.swift; sourceTree = "<group>"; };
		C4D74304292A327700F71032 /* SceneDelegate.swift */ = {isa = PBXFileReference; lastKnownFileType = sourcecode.swift; path = SceneDelegate.swift; sourceTree = "<group>"; };
		C4D74306292A327700F71032 /* MainTabBarViewController.swift */ = {isa = PBXFileReference; lastKnownFileType = sourcecode.swift; path = MainTabBarViewController.swift; sourceTree = "<group>"; };
		C4D7430B292A327700F71032 /* Assets.xcassets */ = {isa = PBXFileReference; lastKnownFileType = folder.assetcatalog; path = Assets.xcassets; sourceTree = "<group>"; };
		C4D7430E292A327700F71032 /* Base */ = {isa = PBXFileReference; lastKnownFileType = file.storyboard; name = Base; path = Base.lproj/LaunchScreen.storyboard; sourceTree = "<group>"; };
		C4D74310292A327700F71032 /* Info.plist */ = {isa = PBXFileReference; lastKnownFileType = text.plist.xml; path = Info.plist; sourceTree = "<group>"; };
		C4D74317292A35FA00F71032 /* HomeViewController.swift */ = {isa = PBXFileReference; lastKnownFileType = sourcecode.swift; path = HomeViewController.swift; sourceTree = "<group>"; };
		C4D74319292A363700F71032 /* UpcomingViewController.swift */ = {isa = PBXFileReference; lastKnownFileType = sourcecode.swift; path = UpcomingViewController.swift; sourceTree = "<group>"; };
		C4D7431C292A366F00F71032 /* SearchViewController.swift */ = {isa = PBXFileReference; lastKnownFileType = sourcecode.swift; path = SearchViewController.swift; sourceTree = "<group>"; };
		C4D7431E292A36A200F71032 /* DownloadsViewController.swift */ = {isa = PBXFileReference; lastKnownFileType = sourcecode.swift; path = DownloadsViewController.swift; sourceTree = "<group>"; };
		C4D74323292A463900F71032 /* CollectionViewTableViewCell.swift */ = {isa = PBXFileReference; lastKnownFileType = sourcecode.swift; path = CollectionViewTableViewCell.swift; sourceTree = "<group>"; };
		C4D74326292A4E2300F71032 /* HomeViewController+Extension.swift */ = {isa = PBXFileReference; lastKnownFileType = sourcecode.swift; path = "HomeViewController+Extension.swift"; sourceTree = "<group>"; };
		C4D74328292A4EAC00F71032 /* CollectionViewTableViewCell+Extension.swift */ = {isa = PBXFileReference; lastKnownFileType = sourcecode.swift; path = "CollectionViewTableViewCell+Extension.swift"; sourceTree = "<group>"; };
		C4D7432A292A4F5500F71032 /* HeroHeaderUIView.swift */ = {isa = PBXFileReference; lastKnownFileType = sourcecode.swift; path = HeroHeaderUIView.swift; sourceTree = "<group>"; };
		C4D7432D292A5A7700F71032 /* ButtonFactory.swift */ = {isa = PBXFileReference; lastKnownFileType = sourcecode.swift; path = ButtonFactory.swift; sourceTree = "<group>"; };
		C4D74330292A659B00F71032 /* LocalState+Utils.swift */ = {isa = PBXFileReference; lastKnownFileType = sourcecode.swift; path = "LocalState+Utils.swift"; sourceTree = "<group>"; };
/* End PBXFileReference section */

/* Begin PBXFrameworksBuildPhase section */
		C4D742FC292A327700F71032 /* Frameworks */ = {
			isa = PBXFrameworksBuildPhase;
			buildActionMask = 2147483647;
			files = (
			);
			runOnlyForDeploymentPostprocessing = 0;
		};
/* End PBXFrameworksBuildPhase section */

/* Begin PBXGroup section */
		C4D742F6292A327700F71032 = {
			isa = PBXGroup;
			children = (
				C4D74301292A327700F71032 /* cinema-planner */,
				C4D74300292A327700F71032 /* Products */,
			);
			sourceTree = "<group>";
		};
		C4D74300292A327700F71032 /* Products */ = {
			isa = PBXGroup;
			children = (
				C4D742FF292A327700F71032 /* cinema-planner.app */,
			);
			name = Products;
			sourceTree = "<group>";
		};
		C4D74301292A327700F71032 /* cinema-planner */ = {
			isa = PBXGroup;
			children = (
				C4D7432F292A658000F71032 /* Utils */,
				C4D7432C292A5A6100F71032 /* Factories */,
				C4D74321292A44E000F71032 /* Models */,
				C4D74320292A44D800F71032 /* Views */,
				C4D74322292A44F700F71032 /* ViewModels */,
				C4D74316292A35C200F71032 /* Controllers */,
				C4D74325292A4DF500F71032 /* Extensions */,
				C4D74302292A327700F71032 /* AppDelegate.swift */,
				C4D74304292A327700F71032 /* SceneDelegate.swift */,
				C4D74306292A327700F71032 /* MainTabBarViewController.swift */,
				C4D7430B292A327700F71032 /* Assets.xcassets */,
				C4D7430D292A327700F71032 /* LaunchScreen.storyboard */,
				C4D74310292A327700F71032 /* Info.plist */,
			);
			path = "cinema-planner";
			sourceTree = "<group>";
		};
		C4D74316292A35C200F71032 /* Controllers */ = {
			isa = PBXGroup;
			children = (
				C4D74317292A35FA00F71032 /* HomeViewController.swift */,
				C4D74319292A363700F71032 /* UpcomingViewController.swift */,
				C4D7431C292A366F00F71032 /* SearchViewController.swift */,
				C4D7431E292A36A200F71032 /* DownloadsViewController.swift */,
			);
			path = Controllers;
			sourceTree = "<group>";
		};
		C4D74320292A44D800F71032 /* Views */ = {
			isa = PBXGroup;
			children = (
				C4D74323292A463900F71032 /* CollectionViewTableViewCell.swift */,
				C4D7432A292A4F5500F71032 /* HeroHeaderUIView.swift */,
			);
			path = Views;
			sourceTree = "<group>";
		};
		C4D74321292A44E000F71032 /* Models */ = {
			isa = PBXGroup;
			children = (
			);
			path = Models;
			sourceTree = "<group>";
		};
		C4D74322292A44F700F71032 /* ViewModels */ = {
			isa = PBXGroup;
			children = (
			);
			path = ViewModels;
			sourceTree = "<group>";
		};
		C4D74325292A4DF500F71032 /* Extensions */ = {
			isa = PBXGroup;
			children = (
				C4D74326292A4E2300F71032 /* HomeViewController+Extension.swift */,
				C4D74328292A4EAC00F71032 /* CollectionViewTableViewCell+Extension.swift */,
			);
			path = Extensions;
			sourceTree = "<group>";
		};
		C4D7432C292A5A6100F71032 /* Factories */ = {
			isa = PBXGroup;
			children = (
				C4D7432D292A5A7700F71032 /* ButtonFactory.swift */,
			);
			path = Factories;
			sourceTree = "<group>";
		};
		C4D7432F292A658000F71032 /* Utils */ = {
			isa = PBXGroup;
			children = (
				C4D74330292A659B00F71032 /* LocalState+Utils.swift */,
			);
			path = Utils;
			sourceTree = "<group>";
		};
/* End PBXGroup section */

/* Begin PBXNativeTarget section */
		C4D742FE292A327700F71032 /* cinema-planner */ = {
			isa = PBXNativeTarget;
			buildConfigurationList = C4D74313292A327700F71032 /* Build configuration list for PBXNativeTarget "cinema-planner" */;
			buildPhases = (
				C4D742FB292A327700F71032 /* Sources */,
				C4D742FC292A327700F71032 /* Frameworks */,
				C4D742FD292A327700F71032 /* Resources */,
			);
			buildRules = (
			);
			dependencies = (
			);
			name = "cinema-planner";
			productName = "cinema-planner";
			productReference = C4D742FF292A327700F71032 /* cinema-planner.app */;
			productType = "com.apple.product-type.application";
		};
/* End PBXNativeTarget section */

/* Begin PBXProject section */
		C4D742F7292A327700F71032 /* Project object */ = {
			isa = PBXProject;
			attributes = {
				BuildIndependentTargetsInParallel = 1;
				LastSwiftUpdateCheck = 1400;
				LastUpgradeCheck = 1400;
				TargetAttributes = {
					C4D742FE292A327700F71032 = {
						CreatedOnToolsVersion = 14.0;
					};
				};
			};
			buildConfigurationList = C4D742FA292A327700F71032 /* Build configuration list for PBXProject "cinema-planner" */;
			compatibilityVersion = "Xcode 14.0";
			developmentRegion = en;
			hasScannedForEncodings = 0;
			knownRegions = (
				en,
				Base,
			);
			mainGroup = C4D742F6292A327700F71032;
			productRefGroup = C4D74300292A327700F71032 /* Products */;
			projectDirPath = "";
			projectRoot = "";
			targets = (
				C4D742FE292A327700F71032 /* cinema-planner */,
			);
		};
/* End PBXProject section */

/* Begin PBXResourcesBuildPhase section */
		C4D742FD292A327700F71032 /* Resources */ = {
			isa = PBXResourcesBuildPhase;
			buildActionMask = 2147483647;
			files = (
				C4D7430F292A327700F71032 /* LaunchScreen.storyboard in Resources */,
				C4D7430C292A327700F71032 /* Assets.xcassets in Resources */,
			);
			runOnlyForDeploymentPostprocessing = 0;
		};
/* End PBXResourcesBuildPhase section */

/* Begin PBXSourcesBuildPhase section */
		C4D742FB292A327700F71032 /* Sources */ = {
			isa = PBXSourcesBuildPhase;
			buildActionMask = 2147483647;
			files = (
				C4D7431D292A366F00F71032 /* SearchViewController.swift in Sources */,
				C4D74307292A327700F71032 /* MainTabBarViewController.swift in Sources */,
				C4D74324292A463900F71032 /* CollectionViewTableViewCell.swift in Sources */,
				C4D7431F292A36A200F71032 /* DownloadsViewController.swift in Sources */,
				C4D74331292A659B00F71032 /* LocalState+Utils.swift in Sources */,
				C4D74303292A327700F71032 /* AppDelegate.swift in Sources */,
				C4D74305292A327700F71032 /* SceneDelegate.swift in Sources */,
				C4D7432E292A5A7700F71032 /* ButtonFactory.swift in Sources */,
				C4D74329292A4EAC00F71032 /* CollectionViewTableViewCell+Extension.swift in Sources */,
				C4D7431A292A363700F71032 /* UpcomingViewController.swift in Sources */,
				C4D7432B292A4F5500F71032 /* HeroHeaderUIView.swift in Sources */,
				C4D74318292A35FA00F71032 /* HomeViewController.swift in Sources */,
				C4D74327292A4E2300F71032 /* HomeViewController+Extension.swift in Sources */,
			);
			runOnlyForDeploymentPostprocessing = 0;
		};
/* End PBXSourcesBuildPhase section */

/* Begin PBXVariantGroup section */
		C4D7430D292A327700F71032 /* LaunchScreen.storyboard */ = {
			isa = PBXVariantGroup;
			children = (
				C4D7430E292A327700F71032 /* Base */,
			);
			name = LaunchScreen.storyboard;
			sourceTree = "<group>";
		};
/* End PBXVariantGroup section */

/* Begin XCBuildConfiguration section */
		C4D74311292A327700F71032 /* Debug */ = {
			isa = XCBuildConfiguration;
			buildSettings = {
				ALWAYS_SEARCH_USER_PATHS = NO;
				CLANG_ANALYZER_NONNULL = YES;
				CLANG_ANALYZER_NUMBER_OBJECT_CONVERSION = YES_AGGRESSIVE;
				CLANG_CXX_LANGUAGE_STANDARD = "gnu++20";
				CLANG_ENABLE_MODULES = YES;
				CLANG_ENABLE_OBJC_ARC = YES;
				CLANG_ENABLE_OBJC_WEAK = YES;
				CLANG_WARN_BLOCK_CAPTURE_AUTORELEASING = YES;
				CLANG_WARN_BOOL_CONVERSION = YES;
				CLANG_WARN_COMMA = YES;
				CLANG_WARN_CONSTANT_CONVERSION = YES;
				CLANG_WARN_DEPRECATED_OBJC_IMPLEMENTATIONS = YES;
				CLANG_WARN_DIRECT_OBJC_ISA_USAGE = YES_ERROR;
				CLANG_WARN_DOCUMENTATION_COMMENTS = YES;
				CLANG_WARN_EMPTY_BODY = YES;
				CLANG_WARN_ENUM_CONVERSION = YES;
				CLANG_WARN_INFINITE_RECURSION = YES;
				CLANG_WARN_INT_CONVERSION = YES;
				CLANG_WARN_NON_LITERAL_NULL_CONVERSION = YES;
				CLANG_WARN_OBJC_IMPLICIT_RETAIN_SELF = YES;
				CLANG_WARN_OBJC_LITERAL_CONVERSION = YES;
				CLANG_WARN_OBJC_ROOT_CLASS = YES_ERROR;
				CLANG_WARN_QUOTED_INCLUDE_IN_FRAMEWORK_HEADER = YES;
				CLANG_WARN_RANGE_LOOP_ANALYSIS = YES;
				CLANG_WARN_STRICT_PROTOTYPES = YES;
				CLANG_WARN_SUSPICIOUS_MOVE = YES;
				CLANG_WARN_UNGUARDED_AVAILABILITY = YES_AGGRESSIVE;
				CLANG_WARN_UNREACHABLE_CODE = YES;
				CLANG_WARN__DUPLICATE_METHOD_MATCH = YES;
				COPY_PHASE_STRIP = NO;
				DEBUG_INFORMATION_FORMAT = dwarf;
				ENABLE_STRICT_OBJC_MSGSEND = YES;
				ENABLE_TESTABILITY = YES;
				GCC_C_LANGUAGE_STANDARD = gnu11;
				GCC_DYNAMIC_NO_PIC = NO;
				GCC_NO_COMMON_BLOCKS = YES;
				GCC_OPTIMIZATION_LEVEL = 0;
				GCC_PREPROCESSOR_DEFINITIONS = (
					"DEBUG=1",
					"$(inherited)",
				);
				GCC_WARN_64_TO_32_BIT_CONVERSION = YES;
				GCC_WARN_ABOUT_RETURN_TYPE = YES_ERROR;
				GCC_WARN_UNDECLARED_SELECTOR = YES;
				GCC_WARN_UNINITIALIZED_AUTOS = YES_AGGRESSIVE;
				GCC_WARN_UNUSED_FUNCTION = YES;
				GCC_WARN_UNUSED_VARIABLE = YES;
				IPHONEOS_DEPLOYMENT_TARGET = 16.0;
				MTL_ENABLE_DEBUG_INFO = INCLUDE_SOURCE;
				MTL_FAST_MATH = YES;
				ONLY_ACTIVE_ARCH = YES;
				SDKROOT = iphoneos;
				SWIFT_ACTIVE_COMPILATION_CONDITIONS = DEBUG;
				SWIFT_OPTIMIZATION_LEVEL = "-Onone";
			};
			name = Debug;
		};
		C4D74312292A327700F71032 /* Release */ = {
			isa = XCBuildConfiguration;
			buildSettings = {
				ALWAYS_SEARCH_USER_PATHS = NO;
				CLANG_ANALYZER_NONNULL = YES;
				CLANG_ANALYZER_NUMBER_OBJECT_CONVERSION = YES_AGGRESSIVE;
				CLANG_CXX_LANGUAGE_STANDARD = "gnu++20";
				CLANG_ENABLE_MODULES = YES;
				CLANG_ENABLE_OBJC_ARC = YES;
				CLANG_ENABLE_OBJC_WEAK = YES;
				CLANG_WARN_BLOCK_CAPTURE_AUTORELEASING = YES;
				CLANG_WARN_BOOL_CONVERSION = YES;
				CLANG_WARN_COMMA = YES;
				CLANG_WARN_CONSTANT_CONVERSION = YES;
				CLANG_WARN_DEPRECATED_OBJC_IMPLEMENTATIONS = YES;
				CLANG_WARN_DIRECT_OBJC_ISA_USAGE = YES_ERROR;
				CLANG_WARN_DOCUMENTATION_COMMENTS = YES;
				CLANG_WARN_EMPTY_BODY = YES;
				CLANG_WARN_ENUM_CONVERSION = YES;
				CLANG_WARN_INFINITE_RECURSION = YES;
				CLANG_WARN_INT_CONVERSION = YES;
				CLANG_WARN_NON_LITERAL_NULL_CONVERSION = YES;
				CLANG_WARN_OBJC_IMPLICIT_RETAIN_SELF = YES;
				CLANG_WARN_OBJC_LITERAL_CONVERSION = YES;
				CLANG_WARN_OBJC_ROOT_CLASS = YES_ERROR;
				CLANG_WARN_QUOTED_INCLUDE_IN_FRAMEWORK_HEADER = YES;
				CLANG_WARN_RANGE_LOOP_ANALYSIS = YES;
				CLANG_WARN_STRICT_PROTOTYPES = YES;
				CLANG_WARN_SUSPICIOUS_MOVE = YES;
				CLANG_WARN_UNGUARDED_AVAILABILITY = YES_AGGRESSIVE;
				CLANG_WARN_UNREACHABLE_CODE = YES;
				CLANG_WARN__DUPLICATE_METHOD_MATCH = YES;
				COPY_PHASE_STRIP = NO;
				DEBUG_INFORMATION_FORMAT = "dwarf-with-dsym";
				ENABLE_NS_ASSERTIONS = NO;
				ENABLE_STRICT_OBJC_MSGSEND = YES;
				GCC_C_LANGUAGE_STANDARD = gnu11;
				GCC_NO_COMMON_BLOCKS = YES;
				GCC_WARN_64_TO_32_BIT_CONVERSION = YES;
				GCC_WARN_ABOUT_RETURN_TYPE = YES_ERROR;
				GCC_WARN_UNDECLARED_SELECTOR = YES;
				GCC_WARN_UNINITIALIZED_AUTOS = YES_AGGRESSIVE;
				GCC_WARN_UNUSED_FUNCTION = YES;
				GCC_WARN_UNUSED_VARIABLE = YES;
				IPHONEOS_DEPLOYMENT_TARGET = 16.0;
				MTL_ENABLE_DEBUG_INFO = NO;
				MTL_FAST_MATH = YES;
				SDKROOT = iphoneos;
				SWIFT_COMPILATION_MODE = wholemodule;
				SWIFT_OPTIMIZATION_LEVEL = "-O";
				VALIDATE_PRODUCT = YES;
			};
			name = Release;
		};
		C4D74314292A327700F71032 /* Debug */ = {
			isa = XCBuildConfiguration;
			buildSettings = {
				ASSETCATALOG_COMPILER_APPICON_NAME = AppIcon;
				ASSETCATALOG_COMPILER_GLOBAL_ACCENT_COLOR_NAME = AccentColor;
				CODE_SIGN_STYLE = Automatic;
				CURRENT_PROJECT_VERSION = 1;
				GENERATE_INFOPLIST_FILE = YES;
				INFOPLIST_FILE = "cinema-planner/Info.plist";
				INFOPLIST_KEY_UIApplicationSupportsIndirectInputEvents = YES;
				INFOPLIST_KEY_UILaunchStoryboardName = LaunchScreen;
				INFOPLIST_KEY_UISupportedInterfaceOrientations_iPad = "UIInterfaceOrientationPortrait UIInterfaceOrientationPortraitUpsideDown UIInterfaceOrientationLandscapeLeft UIInterfaceOrientationLandscapeRight";
				INFOPLIST_KEY_UISupportedInterfaceOrientations_iPhone = "UIInterfaceOrientationPortrait UIInterfaceOrientationLandscapeLeft UIInterfaceOrientationLandscapeRight";
				LD_RUNPATH_SEARCH_PATHS = (
					"$(inherited)",
					"@executable_path/Frameworks",
				);
				MARKETING_VERSION = 1.0;
				PRODUCT_BUNDLE_IDENTIFIER = "mpilo.pillz.cinema-planner";
				PRODUCT_NAME = "$(TARGET_NAME)";
				SWIFT_EMIT_LOC_STRINGS = YES;
				SWIFT_VERSION = 5.0;
				TARGETED_DEVICE_FAMILY = "1,2";
			};
			name = Debug;
		};
		C4D74315292A327700F71032 /* Release */ = {
			isa = XCBuildConfiguration;
			buildSettings = {
				ASSETCATALOG_COMPILER_APPICON_NAME = AppIcon;
				ASSETCATALOG_COMPILER_GLOBAL_ACCENT_COLOR_NAME = AccentColor;
				CODE_SIGN_STYLE = Automatic;
				CURRENT_PROJECT_VERSION = 1;
				GENERATE_INFOPLIST_FILE = YES;
				INFOPLIST_FILE = "cinema-planner/Info.plist";
				INFOPLIST_KEY_UIApplicationSupportsIndirectInputEvents = YES;
				INFOPLIST_KEY_UILaunchStoryboardName = LaunchScreen;
				INFOPLIST_KEY_UISupportedInterfaceOrientations_iPad = "UIInterfaceOrientationPortrait UIInterfaceOrientationPortraitUpsideDown UIInterfaceOrientationLandscapeLeft UIInterfaceOrientationLandscapeRight";
				INFOPLIST_KEY_UISupportedInterfaceOrientations_iPhone = "UIInterfaceOrientationPortrait UIInterfaceOrientationLandscapeLeft UIInterfaceOrientationLandscapeRight";
				LD_RUNPATH_SEARCH_PATHS = (
					"$(inherited)",
					"@executable_path/Frameworks",
				);
				MARKETING_VERSION = 1.0;
				PRODUCT_BUNDLE_IDENTIFIER = "mpilo.pillz.cinema-planner";
				PRODUCT_NAME = "$(TARGET_NAME)";
				SWIFT_EMIT_LOC_STRINGS = YES;
				SWIFT_VERSION = 5.0;
				TARGETED_DEVICE_FAMILY = "1,2";
			};
			name = Release;
		};
/* End XCBuildConfiguration section */

/* Begin XCConfigurationList section */
		C4D742FA292A327700F71032 /* Build configuration list for PBXProject "cinema-planner" */ = {
			isa = XCConfigurationList;
			buildConfigurations = (
				C4D74311292A327700F71032 /* Debug */,
				C4D74312292A327700F71032 /* Release */,
			);
			defaultConfigurationIsVisible = 0;
			defaultConfigurationName = Release;
		};
		C4D74313292A327700F71032 /* Build configuration list for PBXNativeTarget "cinema-planner" */ = {
			isa = XCConfigurationList;
			buildConfigurations = (
				C4D74314292A327700F71032 /* Debug */,
				C4D74315292A327700F71032 /* Release */,
			);
			defaultConfigurationIsVisible = 0;
			defaultConfigurationName = Release;
		};
/* End XCConfigurationList section */
	};
	rootObject = C4D742F7292A327700F71032 /* Project object */;
}
